
Microsoft Visual Studio Solution File, Format Version 12.00
# Visual Studio Version 17
VisualStudioVersion = 17.4.33205.214
MinimumVisualStudioVersion = 10.0.40219.1
Project("{888888A0-9F3D-457C-B088-3A5042F75D52}") = "funktsioonid", "funktsioonid.pyproj", "{C033BDC5-EEAD-4992-8B7D-61722C11D412}"
EndProject
Global
	GlobalSection(SolutionConfigurationPlatforms) = preSolution
		Debug|Any CPU = Debug|Any CPU
		Release|Any CPU = Release|Any CPU
	EndGlobalSection
	GlobalSection(ProjectConfigurationPlatforms) = postSolution
		{C033BDC5-EEAD-4992-8B7D-61722C11D412}.Debug|Any CPU.ActiveCfg = Debug|Any CPU
		{C033BDC5-EEAD-4992-8B7D-61722C11D412}.Release|Any CPU.ActiveCfg = Release|Any CPU
	EndGlobalSection
	GlobalSection(SolutionProperties) = preSolution
		HideSolutionNode = FALSE
	EndGlobalSection
	GlobalSection(ExtensibilityGlobals) = postSolution
		SolutionGuid = {A761DA44-DD2A-486A-A95B-97605B843803}
	EndGlobalSection
EndGlobal
